
Microsoft Visual Studio Solution File, Format Version 12.00
# Visual Studio 15
VisualStudioVersion = 15.0.28307.902
MinimumVisualStudioVersion = 10.0.40219.1
Project("{FAE04EC0-301F-11D3-BF4B-00C04F79EFBC}") = "SSS.DataFormManager", "SSS.DataFormManager\SSS.DataFormManager.csproj", "{3111BE21-B1B9-4D75-9FF1-25B390182A5B}"
EndProject
Project("{FAE04EC0-301F-11D3-BF4B-00C04F79EFBC}") = "TestProject", "TestProject\TestProject.csproj", "{3DBE0166-8C7C-40B5-B375-5D06B8A5967F}"
EndProject
Project("{FAE04EC0-301F-11D3-BF4B-00C04F79EFBC}") = "ConsoleApp", "ConsoleApp\ConsoleApp.csproj", "{90BC3507-BC7B-4317-832B-101E60BAA6E3}"
EndProject
Project("{FAE04EC0-301F-11D3-BF4B-00C04F79EFBC}") = "SSS.EncryptionManagementService", "SSS.CryptoGrapher\SSS.EncryptionManagementService.csproj", "{9C0C7089-73AD-42C9-9C4F-86881B36DEE3}"
EndProject
Project("{FAE04EC0-301F-11D3-BF4B-00C04F79EFBC}") = "SSS.GoogleDriveCloudService", "SSS.GoogleDriveCloudManagement\SSS.GoogleDriveCloudService.csproj", "{ECE3103A-5D6D-4197-A67C-F75828623262}"
EndProject
Project("{FAE04EC0-301F-11D3-BF4B-00C04F79EFBC}") = "SSS.ArchiveManagementService", "SSS.ArchiveManagementService\SSS.ArchiveManagementService.csproj", "{19EFC710-848D-4DC4-A7E9-4280ABF69516}"
EndProject
Project("{FAE04EC0-301F-11D3-BF4B-00C04F79EFBC}") = "SSS.FileManagementService", "SSS.FileManagementService\SSS.FileManagementService.csproj", "{C7BE4100-F2E6-43A3-BB3C-5F8D09962A98}"
EndProject
Project("{FAE04EC0-301F-11D3-BF4B-00C04F79EFBC}") = "SSS.SerializationManagementService", "SSS.SerializationManagementService\SSS.SerializationManagementService.csproj", "{28F3496D-29E8-417B-B9A9-A94048124E95}"
EndProject
Project("{FAE04EC0-301F-11D3-BF4B-00C04F79EFBC}") = "SSS.DataFormManager.DAL", "SSS.DataFormManager.DAL\SSS.DataFormManager.DAL.csproj", "{B048242C-4FBF-4D5D-906F-48656ABCDDB0}"
EndProject
Project("{FAE04EC0-301F-11D3-BF4B-00C04F79EFBC}") = "SSS.CommonUtilityService", "SSS.CommonUtilityService\SSS.CommonUtilityService.csproj", "{90E0FD76-6924-4629-85CC-4BF8407C51F3}"
EndProject
Global
	GlobalSection(SolutionConfigurationPlatforms) = preSolution
		Debug|Any CPU = Debug|Any CPU
		Release|Any CPU = Release|Any CPU
	EndGlobalSection
	GlobalSection(ProjectConfigurationPlatforms) = postSolution
		{3111BE21-B1B9-4D75-9FF1-25B390182A5B}.Debug|Any CPU.ActiveCfg = Debug|Any CPU
		{3111BE21-B1B9-4D75-9FF1-25B390182A5B}.Debug|Any CPU.Build.0 = Debug|Any CPU
		{3111BE21-B1B9-4D75-9FF1-25B390182A5B}.Release|Any CPU.ActiveCfg = Release|Any CPU
		{3111BE21-B1B9-4D75-9FF1-25B390182A5B}.Release|Any CPU.Build.0 = Release|Any CPU
		{3DBE0166-8C7C-40B5-B375-5D06B8A5967F}.Debug|Any CPU.ActiveCfg = Debug|Any CPU
		{3DBE0166-8C7C-40B5-B375-5D06B8A5967F}.Debug|Any CPU.Build.0 = Debug|Any CPU
		{3DBE0166-8C7C-40B5-B375-5D06B8A5967F}.Release|Any CPU.ActiveCfg = Release|Any CPU
		{3DBE0166-8C7C-40B5-B375-5D06B8A5967F}.Release|Any CPU.Build.0 = Release|Any CPU
		{90BC3507-BC7B-4317-832B-101E60BAA6E3}.Debug|Any CPU.ActiveCfg = Debug|Any CPU
		{90BC3507-BC7B-4317-832B-101E60BAA6E3}.Debug|Any CPU.Build.0 = Debug|Any CPU
		{90BC3507-BC7B-4317-832B-101E60BAA6E3}.Release|Any CPU.ActiveCfg = Release|Any CPU
		{90BC3507-BC7B-4317-832B-101E60BAA6E3}.Release|Any CPU.Build.0 = Release|Any CPU
		{9C0C7089-73AD-42C9-9C4F-86881B36DEE3}.Debug|Any CPU.ActiveCfg = Debug|Any CPU
		{9C0C7089-73AD-42C9-9C4F-86881B36DEE3}.Debug|Any CPU.Build.0 = Debug|Any CPU
		{9C0C7089-73AD-42C9-9C4F-86881B36DEE3}.Release|Any CPU.ActiveCfg = Release|Any CPU
		{9C0C7089-73AD-42C9-9C4F-86881B36DEE3}.Release|Any CPU.Build.0 = Release|Any CPU
		{ECE3103A-5D6D-4197-A67C-F75828623262}.Debug|Any CPU.ActiveCfg = Debug|Any CPU
		{ECE3103A-5D6D-4197-A67C-F75828623262}.Debug|Any CPU.Build.0 = Debug|Any CPU
		{ECE3103A-5D6D-4197-A67C-F75828623262}.Release|Any CPU.ActiveCfg = Release|Any CPU
		{ECE3103A-5D6D-4197-A67C-F75828623262}.Release|Any CPU.Build.0 = Release|Any CPU
		{19EFC710-848D-4DC4-A7E9-4280ABF69516}.Debug|Any CPU.ActiveCfg = Debug|Any CPU
		{19EFC710-848D-4DC4-A7E9-4280ABF69516}.Debug|Any CPU.Build.0 = Debug|Any CPU
		{19EFC710-848D-4DC4-A7E9-4280ABF69516}.Release|Any CPU.ActiveCfg = Release|Any CPU
		{19EFC710-848D-4DC4-A7E9-4280ABF69516}.Release|Any CPU.Build.0 = Release|Any CPU
		{C7BE4100-F2E6-43A3-BB3C-5F8D09962A98}.Debug|Any CPU.ActiveCfg = Debug|Any CPU
		{C7BE4100-F2E6-43A3-BB3C-5F8D09962A98}.Debug|Any CPU.Build.0 = Debug|Any CPU
		{C7BE4100-F2E6-43A3-BB3C-5F8D09962A98}.Release|Any CPU.ActiveCfg = Release|Any CPU
		{C7BE4100-F2E6-43A3-BB3C-5F8D09962A98}.Release|Any CPU.Build.0 = Release|Any CPU
		{28F3496D-29E8-417B-B9A9-A94048124E95}.Debug|Any CPU.ActiveCfg = Debug|Any CPU
		{28F3496D-29E8-417B-B9A9-A94048124E95}.Debug|Any CPU.Build.0 = Debug|Any CPU
		{28F3496D-29E8-417B-B9A9-A94048124E95}.Release|Any CPU.ActiveCfg = Release|Any CPU
		{28F3496D-29E8-417B-B9A9-A94048124E95}.Release|Any CPU.Build.0 = Release|Any CPU
		{B048242C-4FBF-4D5D-906F-48656ABCDDB0}.Debug|Any CPU.ActiveCfg = Debug|Any CPU
		{B048242C-4FBF-4D5D-906F-48656ABCDDB0}.Debug|Any CPU.Build.0 = Debug|Any CPU
		{B048242C-4FBF-4D5D-906F-48656ABCDDB0}.Release|Any CPU.ActiveCfg = Release|Any CPU
		{B048242C-4FBF-4D5D-906F-48656ABCDDB0}.Release|Any CPU.Build.0 = Release|Any CPU
		{90E0FD76-6924-4629-85CC-4BF8407C51F3}.Debug|Any CPU.ActiveCfg = Debug|Any CPU
		{90E0FD76-6924-4629-85CC-4BF8407C51F3}.Debug|Any CPU.Build.0 = Debug|Any CPU
		{90E0FD76-6924-4629-85CC-4BF8407C51F3}.Release|Any CPU.ActiveCfg = Release|Any CPU
		{90E0FD76-6924-4629-85CC-4BF8407C51F3}.Release|Any CPU.Build.0 = Release|Any CPU
	EndGlobalSection
	GlobalSection(SolutionProperties) = preSolution
		HideSolutionNode = FALSE
	EndGlobalSection
	GlobalSection(ExtensibilityGlobals) = postSolution
		SolutionGuid = {FDF02CEF-C4B9-40BE-A155-802E2933CA25}
	EndGlobalSection
EndGlobal
